
Microsoft Visual Studio Solution File, Format Version 12.00
# Visual Studio Version 17
VisualStudioVersion = 17.6.33723.286
MinimumVisualStudioVersion = 10.0.40219.1
Project("{FAE04EC0-301F-11D3-BF4B-00C04F79EFBC}") = "P21.BusinessRule", "P21.BusinessRule\P21.BusinessRule.csproj", "{2838FD01-DF39-46DF-A5C8-3915ADB59C64}"
EndProject
Project("{FAE04EC0-301F-11D3-BF4B-00C04F79EFBC}") = "P21.Rules.Visual", "P21.Rules.Visual\P21.Rules.Visual.csproj", "{F8EA80F7-8875-4F3D-9128-48826629472D}"
EndProject
Project("{FAE04EC0-301F-11D3-BF4B-00C04F79EFBC}") = "P21.Entity", "P21.Entity\P21.Entity.csproj", "{CAF7E77F-6C60-4C16-B52D-A04D5F3FFCC4}"
EndProject
Global
	GlobalSection(SolutionConfigurationPlatforms) = preSolution
		Debug|Any CPU = Debug|Any CPU
		Release|Any CPU = Release|Any CPU
	EndGlobalSection
	GlobalSection(ProjectConfigurationPlatforms) = postSolution
		{2838FD01-DF39-46DF-A5C8-3915ADB59C64}.Debug|Any CPU.ActiveCfg = Debug|Any CPU
		{2838FD01-DF39-46DF-A5C8-3915ADB59C64}.Debug|Any CPU.Build.0 = Debug|Any CPU
		{2838FD01-DF39-46DF-A5C8-3915ADB59C64}.Release|Any CPU.ActiveCfg = Release|Any CPU
		{2838FD01-DF39-46DF-A5C8-3915ADB59C64}.Release|Any CPU.Build.0 = Release|Any CPU
		{F8EA80F7-8875-4F3D-9128-48826629472D}.Debug|Any CPU.ActiveCfg = Debug|Any CPU
		{F8EA80F7-8875-4F3D-9128-48826629472D}.Debug|Any CPU.Build.0 = Debug|Any CPU
		{F8EA80F7-8875-4F3D-9128-48826629472D}.Release|Any CPU.ActiveCfg = Release|Any CPU
		{F8EA80F7-8875-4F3D-9128-48826629472D}.Release|Any CPU.Build.0 = Release|Any CPU
		{CAF7E77F-6C60-4C16-B52D-A04D5F3FFCC4}.Debug|Any CPU.ActiveCfg = Debug|Any CPU
		{CAF7E77F-6C60-4C16-B52D-A04D5F3FFCC4}.Debug|Any CPU.Build.0 = Debug|Any CPU
		{CAF7E77F-6C60-4C16-B52D-A04D5F3FFCC4}.Release|Any CPU.ActiveCfg = Release|Any CPU
		{CAF7E77F-6C60-4C16-B52D-A04D5F3FFCC4}.Release|Any CPU.Build.0 = Release|Any CPU
	EndGlobalSection
	GlobalSection(SolutionProperties) = preSolution
		HideSolutionNode = FALSE
	EndGlobalSection
	GlobalSection(ExtensibilityGlobals) = postSolution
		SolutionGuid = {C120A0A5-287D-444A-BD57-390F952C5CD6}
	EndGlobalSection
EndGlobal
