
Microsoft Visual Studio Solution File, Format Version 12.00
# Visual Studio 15
VisualStudioVersion = 15.0.27004.2002
MinimumVisualStudioVersion = 10.0.40219.1
Project("{FAE04EC0-301F-11D3-BF4B-00C04F79EFBC}") = "P21.Rules.Visual", "P21.Rules.Visual.csproj", "{64322C7F-CA3B-40DB-B54A-5332BEE07BA7}"
EndProject
Global
	GlobalSection(SolutionConfigurationPlatforms) = preSolution
		Debug|Any CPU = Debug|Any CPU
		Release|Any CPU = Release|Any CPU
	EndGlobalSection
	GlobalSection(ProjectConfigurationPlatforms) = postSolution
		{64322C7F-CA3B-40DB-B54A-5332BEE07BA7}.Debug|Any CPU.ActiveCfg = Debug|Any CPU
		{64322C7F-CA3B-40DB-B54A-5332BEE07BA7}.Debug|Any CPU.Build.0 = Debug|Any CPU
		{64322C7F-CA3B-40DB-B54A-5332BEE07BA7}.Release|Any CPU.ActiveCfg = Release|Any CPU
		{64322C7F-CA3B-40DB-B54A-5332BEE07BA7}.Release|Any CPU.Build.0 = Release|Any CPU
	EndGlobalSection
	GlobalSection(SolutionProperties) = preSolution
		HideSolutionNode = FALSE
	EndGlobalSection
	GlobalSection(ExtensibilityGlobals) = postSolution
		SolutionGuid = {DF545013-4868-4543-900C-CCC2EFCEA7BE}
	EndGlobalSection
EndGlobal
